// !$*UTF8*$!
{
	archiveVersion = 1;
	classes = {
	};
	objectVersion = 46;
	objects = {

/* Begin PBXBuildFile section */
		491A9B7A196095CC00817F22 /* ESNewEchoVC.m in Sources */ = {isa = PBXBuildFile; fileRef = 491A9B79196095CC00817F22 /* ESNewEchoVC.m */; };
		4997351119576FBC0058A714 /* testechos.json in Resources */ = {isa = PBXBuildFile; fileRef = 4997351019576FBC0058A714 /* testechos.json */; };
		499FB5AB1937DD5E00F4C882 /* Foundation.framework in Frameworks */ = {isa = PBXBuildFile; fileRef = 499FB5AA1937DD5E00F4C882 /* Foundation.framework */; };
		499FB5AD1937DD5E00F4C882 /* CoreGraphics.framework in Frameworks */ = {isa = PBXBuildFile; fileRef = 499FB5AC1937DD5E00F4C882 /* CoreGraphics.framework */; };
		499FB5AF1937DD5E00F4C882 /* UIKit.framework in Frameworks */ = {isa = PBXBuildFile; fileRef = 499FB5AE1937DD5E00F4C882 /* UIKit.framework */; };
		499FB5B51937DD5E00F4C882 /* InfoPlist.strings in Resources */ = {isa = PBXBuildFile; fileRef = 499FB5B31937DD5E00F4C882 /* InfoPlist.strings */; };
		499FB5B71937DD5E00F4C882 /* main.m in Sources */ = {isa = PBXBuildFile; fileRef = 499FB5B61937DD5E00F4C882 /* main.m */; };
		499FB5BB1937DD5E00F4C882 /* ESAppDelegate.m in Sources */ = {isa = PBXBuildFile; fileRef = 499FB5BA1937DD5E00F4C882 /* ESAppDelegate.m */; };
		499FB5BE1937DD5E00F4C882 /* Main.storyboard in Resources */ = {isa = PBXBuildFile; fileRef = 499FB5BC1937DD5E00F4C882 /* Main.storyboard */; };
		499FB5C31937DD5E00F4C882 /* Images.xcassets in Resources */ = {isa = PBXBuildFile; fileRef = 499FB5C21937DD5E00F4C882 /* Images.xcassets */; };
		499FB5CB1937DD5E00F4C882 /* Foundation.framework in Frameworks */ = {isa = PBXBuildFile; fileRef = 499FB5AA1937DD5E00F4C882 /* Foundation.framework */; };
		499FB5CC1937DD5E00F4C882 /* UIKit.framework in Frameworks */ = {isa = PBXBuildFile; fileRef = 499FB5AE1937DD5E00F4C882 /* UIKit.framework */; };
		49B8BE5219735497003D6AA8 /* ESCategory.m in Sources */ = {isa = PBXBuildFile; fileRef = 49B8BE5119735497003D6AA8 /* ESCategory.m */; };
		49B8BE54197750E6003D6AA8 /* Podfile in Resources */ = {isa = PBXBuildFile; fileRef = 49B8BE53197750E6003D6AA8 /* Podfile */; };
		49B924201939F21B00FB812A /* ESHomeTVC.m in Sources */ = {isa = PBXBuildFile; fileRef = 49B9241F1939F21B00FB812A /* ESHomeTVC.m */; };
		49BCB9BE193F9DC80062D404 /* ESEcho.m in Sources */ = {isa = PBXBuildFile; fileRef = 49BCB9BD193F9DC80062D404 /* ESEcho.m */; };
		49BCB9C1193F9E100062D404 /* ESUser.m in Sources */ = {isa = PBXBuildFile; fileRef = 49BCB9C0193F9E100062D404 /* ESUser.m */; };
		49BCB9C4193FA6A50062D404 /* ESEchoFetcher.m in Sources */ = {isa = PBXBuildFile; fileRef = 49BCB9C3193FA6A50062D404 /* ESEchoFetcher.m */; };
		49C180E51980A78800DF4173 /* ESProfileVC.m in Sources */ = {isa = PBXBuildFile; fileRef = 49C180E41980A78800DF4173 /* ESProfileVC.m */; };
		49C180EC1982FEE400DF4173 /* ESProfileView.m in Sources */ = {isa = PBXBuildFile; fileRef = 49C180EB1982FEE400DF4173 /* ESProfileView.m */; };
		49C6B10019511D97009C5B77 /* HockeySDK.framework in Frameworks */ = {isa = PBXBuildFile; fileRef = 49E582E2194D38D000BBD075 /* HockeySDK.framework */; };
		49C895BC194394AF00880796 /* ESTableViewCell.m in Sources */ = {isa = PBXBuildFile; fileRef = 49C895BB194394AF00880796 /* ESTableViewCell.m */; };
		49E582D2194D35C000BBD075 /* CoreText.framework in Frameworks */ = {isa = PBXBuildFile; fileRef = 49E582D1194D35C000BBD075 /* CoreText.framework */; };
		49E582D4194D35C900BBD075 /* QuartzCore.framework in Frameworks */ = {isa = PBXBuildFile; fileRef = 49E582D3194D35C900BBD075 /* QuartzCore.framework */; };
		49E582D6194D35D200BBD075 /* Security.framework in Frameworks */ = {isa = PBXBuildFile; fileRef = 49E582D5194D35D200BBD075 /* Security.framework */; };
		49E582D8194D35DB00BBD075 /* SystemConfiguration.framework in Frameworks */ = {isa = PBXBuildFile; fileRef = 49E582D7194D35DB00BBD075 /* SystemConfiguration.framework */; };
		49E582E8194D38D000BBD075 /* HockeySDKResources.bundle in Resources */ = {isa = PBXBuildFile; fileRef = 49E582E5194D38D000BBD075 /* HockeySDKResources.bundle */; };
		49EC303A1969E37600D8C702 /* Settings.bundle in Resources */ = {isa = PBXBuildFile; fileRef = 49EC30391969E37600D8C702 /* Settings.bundle */; };
		49EC303D1969EBD900D8C702 /* ThemeManager.m in Sources */ = {isa = PBXBuildFile; fileRef = 49EC303C1969EBD900D8C702 /* ThemeManager.m */; };
		49EC7211197AF7DA0037C4FC /* ESCommentVC.m in Sources */ = {isa = PBXBuildFile; fileRef = 49EC7210197AF7DA0037C4FC /* ESCommentVC.m */; };
		49EC7214197B0ACE0037C4FC /* ESEchoView.m in Sources */ = {isa = PBXBuildFile; fileRef = 49EC7213197B0ACE0037C4FC /* ESEchoView.m */; };
		49EC7217197C4EC90037C4FC /* ESComment.m in Sources */ = {isa = PBXBuildFile; fileRef = 49EC7216197C4EC90037C4FC /* ESComment.m */; };
		49EC721A197C51B70037C4FC /* ESDiscussion.m in Sources */ = {isa = PBXBuildFile; fileRef = 49EC7219197C51B70037C4FC /* ESDiscussion.m */; };
		49EC721C197C543C0037C4FC /* testcomments.json in Resources */ = {isa = PBXBuildFile; fileRef = 49EC721B197C543C0037C4FC /* testcomments.json */; };
		49F10D6F195F632000F5F8D0 /* AutosizingLabel.m in Sources */ = {isa = PBXBuildFile; fileRef = 49F10D6E195F632000F5F8D0 /* AutosizingLabel.m */; };
		922BA8B29CD6470EB901B79C /* libPods-The Echo Spot.a in Frameworks */ = {isa = PBXBuildFile; fileRef = 26836B9D1AD34AC69FDA2E83 /* libPods-The Echo Spot.a */; };
/* End PBXBuildFile section */

/* Begin PBXContainerItemProxy section */
		499FB5CD1937DD5E00F4C882 /* PBXContainerItemProxy */ = {
			isa = PBXContainerItemProxy;
			containerPortal = 499FB59F1937DD5E00F4C882 /* Project object */;
			proxyType = 1;
			remoteGlobalIDString = 499FB5A61937DD5E00F4C882;
			remoteInfo = "The Echo Spot";
		};
		49C6B0F819511D15009C5B77 /* PBXContainerItemProxy */ = {
			isa = PBXContainerItemProxy;
			containerPortal = 499FB59F1937DD5E00F4C882 /* Project object */;
			proxyType = 1;
			remoteGlobalIDString = 499FB5A61937DD5E00F4C882;
			remoteInfo = "The Echo Spot";
		};
		49C6B0FA19511D51009C5B77 /* PBXContainerItemProxy */ = {
			isa = PBXContainerItemProxy;
			containerPortal = 499FB59F1937DD5E00F4C882 /* Project object */;
			proxyType = 1;
			remoteGlobalIDString = 499FB5A61937DD5E00F4C882;
			remoteInfo = "The Echo Spot";
		};
		49C6B0FC19511D52009C5B77 /* PBXContainerItemProxy */ = {
			isa = PBXContainerItemProxy;
			containerPortal = 499FB59F1937DD5E00F4C882 /* Project object */;
			proxyType = 1;
			remoteGlobalIDString = 499FB5A61937DD5E00F4C882;
			remoteInfo = "The Echo Spot";
		};
		49C6B0FE19511D53009C5B77 /* PBXContainerItemProxy */ = {
			isa = PBXContainerItemProxy;
			containerPortal = 499FB59F1937DD5E00F4C882 /* Project object */;
			proxyType = 1;
			remoteGlobalIDString = 499FB5A61937DD5E00F4C882;
			remoteInfo = "The Echo Spot";
		};
/* End PBXContainerItemProxy section */

/* Begin PBXFileReference section */
		26836B9D1AD34AC69FDA2E83 /* libPods-The Echo Spot.a */ = {isa = PBXFileReference; explicitFileType = archive.ar; includeInIndex = 0; path = "libPods-The Echo Spot.a"; sourceTree = BUILT_PRODUCTS_DIR; };
		491A9B78196095CC00817F22 /* ESNewEchoVC.h */ = {isa = PBXFileReference; fileEncoding = 4; lastKnownFileType = sourcecode.c.h; path = ESNewEchoVC.h; sourceTree = "<group>"; };
		491A9B79196095CC00817F22 /* ESNewEchoVC.m */ = {isa = PBXFileReference; fileEncoding = 4; lastKnownFileType = sourcecode.c.objc; path = ESNewEchoVC.m; sourceTree = "<group>"; };
		491A9B7B196096ED00817F22 /* constants.h */ = {isa = PBXFileReference; fileEncoding = 4; lastKnownFileType = sourcecode.c.h; path = constants.h; sourceTree = "<group>"; };
		4997351019576FBC0058A714 /* testechos.json */ = {isa = PBXFileReference; fileEncoding = 4; lastKnownFileType = text.json; name = testechos.json; path = "The Echo Spot/testechos.json"; sourceTree = "<group>"; };
		499FB5A71937DD5E00F4C882 /* The Echo Spot.app */ = {isa = PBXFileReference; explicitFileType = wrapper.application; includeInIndex = 0; path = "The Echo Spot.app"; sourceTree = BUILT_PRODUCTS_DIR; };
		499FB5AA1937DD5E00F4C882 /* Foundation.framework */ = {isa = PBXFileReference; lastKnownFileType = wrapper.framework; name = Foundation.framework; path = System/Library/Frameworks/Foundation.framework; sourceTree = SDKROOT; };
		499FB5AC1937DD5E00F4C882 /* CoreGraphics.framework */ = {isa = PBXFileReference; lastKnownFileType = wrapper.framework; name = CoreGraphics.framework; path = System/Library/Frameworks/CoreGraphics.framework; sourceTree = SDKROOT; };
		499FB5AE1937DD5E00F4C882 /* UIKit.framework */ = {isa = PBXFileReference; lastKnownFileType = wrapper.framework; name = UIKit.framework; path = System/Library/Frameworks/UIKit.framework; sourceTree = SDKROOT; };
		499FB5B21937DD5E00F4C882 /* The Echo Spot-Info.plist */ = {isa = PBXFileReference; lastKnownFileType = text.plist.xml; path = "The Echo Spot-Info.plist"; sourceTree = "<group>"; };
		499FB5B41937DD5E00F4C882 /* en */ = {isa = PBXFileReference; lastKnownFileType = text.plist.strings; name = en; path = en.lproj/InfoPlist.strings; sourceTree = "<group>"; };
		499FB5B61937DD5E00F4C882 /* main.m */ = {isa = PBXFileReference; lastKnownFileType = sourcecode.c.objc; path = main.m; sourceTree = "<group>"; };
		499FB5B81937DD5E00F4C882 /* The Echo Spot-Prefix.pch */ = {isa = PBXFileReference; lastKnownFileType = sourcecode.c.h; path = "The Echo Spot-Prefix.pch"; sourceTree = "<group>"; };
		499FB5B91937DD5E00F4C882 /* ESAppDelegate.h */ = {isa = PBXFileReference; lastKnownFileType = sourcecode.c.h; path = ESAppDelegate.h; sourceTree = "<group>"; };
		499FB5BA1937DD5E00F4C882 /* ESAppDelegate.m */ = {isa = PBXFileReference; lastKnownFileType = sourcecode.c.objc; path = ESAppDelegate.m; sourceTree = "<group>"; };
		499FB5BD1937DD5E00F4C882 /* Base */ = {isa = PBXFileReference; lastKnownFileType = file.storyboard; name = Base; path = Base.lproj/Main.storyboard; sourceTree = "<group>"; };
		499FB5C21937DD5E00F4C882 /* Images.xcassets */ = {isa = PBXFileReference; lastKnownFileType = folder.assetcatalog; path = Images.xcassets; sourceTree = "<group>"; };
		499FB5C81937DD5E00F4C882 /* The Echo SpotTests.xctest */ = {isa = PBXFileReference; explicitFileType = wrapper.cfbundle; includeInIndex = 0; path = "The Echo SpotTests.xctest"; sourceTree = BUILT_PRODUCTS_DIR; };
		49B8BE5019735497003D6AA8 /* ESCategory.h */ = {isa = PBXFileReference; fileEncoding = 4; lastKnownFileType = sourcecode.c.h; path = ESCategory.h; sourceTree = "<group>"; };
		49B8BE5119735497003D6AA8 /* ESCategory.m */ = {isa = PBXFileReference; fileEncoding = 4; lastKnownFileType = sourcecode.c.objc; path = ESCategory.m; sourceTree = "<group>"; };
		49B8BE53197750E6003D6AA8 /* Podfile */ = {isa = PBXFileReference; fileEncoding = 4; lastKnownFileType = text; path = Podfile; sourceTree = "<group>"; };
		49B9241E1939F21B00FB812A /* ESHomeTVC.h */ = {isa = PBXFileReference; fileEncoding = 4; lastKnownFileType = sourcecode.c.h; path = ESHomeTVC.h; sourceTree = "<group>"; };
		49B9241F1939F21B00FB812A /* ESHomeTVC.m */ = {isa = PBXFileReference; fileEncoding = 4; lastKnownFileType = sourcecode.c.objc; path = ESHomeTVC.m; sourceTree = "<group>"; };
		49BCB9BC193F9DC80062D404 /* ESEcho.h */ = {isa = PBXFileReference; fileEncoding = 4; lastKnownFileType = sourcecode.c.h; path = ESEcho.h; sourceTree = "<group>"; };
		49BCB9BD193F9DC80062D404 /* ESEcho.m */ = {isa = PBXFileReference; fileEncoding = 4; lastKnownFileType = sourcecode.c.objc; path = ESEcho.m; sourceTree = "<group>"; };
		49BCB9BF193F9E100062D404 /* ESUser.h */ = {isa = PBXFileReference; fileEncoding = 4; lastKnownFileType = sourcecode.c.h; path = ESUser.h; sourceTree = "<group>"; };
		49BCB9C0193F9E100062D404 /* ESUser.m */ = {isa = PBXFileReference; fileEncoding = 4; lastKnownFileType = sourcecode.c.objc; path = ESUser.m; sourceTree = "<group>"; };
		49BCB9C2193FA6A50062D404 /* ESEchoFetcher.h */ = {isa = PBXFileReference; fileEncoding = 4; lastKnownFileType = sourcecode.c.h; path = ESEchoFetcher.h; sourceTree = "<group>"; };
		49BCB9C3193FA6A50062D404 /* ESEchoFetcher.m */ = {isa = PBXFileReference; fileEncoding = 4; lastKnownFileType = sourcecode.c.objc; path = ESEchoFetcher.m; sourceTree = "<group>"; };
		49C180E31980A78800DF4173 /* ESProfileVC.h */ = {isa = PBXFileReference; fileEncoding = 4; lastKnownFileType = sourcecode.c.h; path = ESProfileVC.h; sourceTree = "<group>"; };
		49C180E41980A78800DF4173 /* ESProfileVC.m */ = {isa = PBXFileReference; fileEncoding = 4; lastKnownFileType = sourcecode.c.objc; path = ESProfileVC.m; sourceTree = "<group>"; };
		49C180EA1982FEE400DF4173 /* ESProfileView.h */ = {isa = PBXFileReference; fileEncoding = 4; lastKnownFileType = sourcecode.c.h; path = ESProfileView.h; sourceTree = "<group>"; };
		49C180EB1982FEE400DF4173 /* ESProfileView.m */ = {isa = PBXFileReference; fileEncoding = 4; lastKnownFileType = sourcecode.c.objc; path = ESProfileView.m; sourceTree = "<group>"; };
		49C895BA194394AF00880796 /* ESTableViewCell.h */ = {isa = PBXFileReference; fileEncoding = 4; lastKnownFileType = sourcecode.c.h; path = ESTableViewCell.h; sourceTree = "<group>"; };
		49C895BB194394AF00880796 /* ESTableViewCell.m */ = {isa = PBXFileReference; fileEncoding = 4; lastKnownFileType = sourcecode.c.objc; path = ESTableViewCell.m; sourceTree = "<group>"; };
		49E582D1194D35C000BBD075 /* CoreText.framework */ = {isa = PBXFileReference; lastKnownFileType = wrapper.framework; name = CoreText.framework; path = System/Library/Frameworks/CoreText.framework; sourceTree = SDKROOT; };
		49E582D3194D35C900BBD075 /* QuartzCore.framework */ = {isa = PBXFileReference; lastKnownFileType = wrapper.framework; name = QuartzCore.framework; path = System/Library/Frameworks/QuartzCore.framework; sourceTree = SDKROOT; };
		49E582D5194D35D200BBD075 /* Security.framework */ = {isa = PBXFileReference; lastKnownFileType = wrapper.framework; name = Security.framework; path = System/Library/Frameworks/Security.framework; sourceTree = SDKROOT; };
		49E582D7194D35DB00BBD075 /* SystemConfiguration.framework */ = {isa = PBXFileReference; lastKnownFileType = wrapper.framework; name = SystemConfiguration.framework; path = System/Library/Frameworks/SystemConfiguration.framework; sourceTree = SDKROOT; };
		49E582E2194D38D000BBD075 /* HockeySDK.framework */ = {isa = PBXFileReference; lastKnownFileType = wrapper.framework; path = HockeySDK.framework; sourceTree = "<group>"; };
		49E582E4194D38D000BBD075 /* HockeySDK.xcconfig */ = {isa = PBXFileReference; fileEncoding = 4; lastKnownFileType = text.xcconfig; path = HockeySDK.xcconfig; sourceTree = "<group>"; };
		49E582E5194D38D000BBD075 /* HockeySDKResources.bundle */ = {isa = PBXFileReference; lastKnownFileType = "wrapper.plug-in"; path = HockeySDKResources.bundle; sourceTree = "<group>"; };
		49EC30391969E37600D8C702 /* Settings.bundle */ = {isa = PBXFileReference; lastKnownFileType = "wrapper.plug-in"; path = Settings.bundle; sourceTree = "<group>"; };
		49EC303B1969EBD900D8C702 /* ThemeManager.h */ = {isa = PBXFileReference; fileEncoding = 4; lastKnownFileType = sourcecode.c.h; path = ThemeManager.h; sourceTree = "<group>"; };
		49EC303C1969EBD900D8C702 /* ThemeManager.m */ = {isa = PBXFileReference; fileEncoding = 4; lastKnownFileType = sourcecode.c.objc; path = ThemeManager.m; sourceTree = "<group>"; };
		49EC720F197AF7DA0037C4FC /* ESCommentVC.h */ = {isa = PBXFileReference; fileEncoding = 4; lastKnownFileType = sourcecode.c.h; path = ESCommentVC.h; sourceTree = "<group>"; };
		49EC7210197AF7DA0037C4FC /* ESCommentVC.m */ = {isa = PBXFileReference; fileEncoding = 4; lastKnownFileType = sourcecode.c.objc; path = ESCommentVC.m; sourceTree = "<group>"; };
		49EC7212197B0ACE0037C4FC /* ESEchoView.h */ = {isa = PBXFileReference; fileEncoding = 4; lastKnownFileType = sourcecode.c.h; path = ESEchoView.h; sourceTree = "<group>"; };
		49EC7213197B0ACE0037C4FC /* ESEchoView.m */ = {isa = PBXFileReference; fileEncoding = 4; lastKnownFileType = sourcecode.c.objc; path = ESEchoView.m; sourceTree = "<group>"; };
		49EC7215197C4EC90037C4FC /* ESComment.h */ = {isa = PBXFileReference; fileEncoding = 4; lastKnownFileType = sourcecode.c.h; path = ESComment.h; sourceTree = "<group>"; };
		49EC7216197C4EC90037C4FC /* ESComment.m */ = {isa = PBXFileReference; fileEncoding = 4; lastKnownFileType = sourcecode.c.objc; path = ESComment.m; sourceTree = "<group>"; };
		49EC7218197C51B70037C4FC /* ESDiscussion.h */ = {isa = PBXFileReference; fileEncoding = 4; lastKnownFileType = sourcecode.c.h; path = ESDiscussion.h; sourceTree = "<group>"; };
		49EC7219197C51B70037C4FC /* ESDiscussion.m */ = {isa = PBXFileReference; fileEncoding = 4; lastKnownFileType = sourcecode.c.objc; path = ESDiscussion.m; sourceTree = "<group>"; };
		49EC721B197C543C0037C4FC /* testcomments.json */ = {isa = PBXFileReference; fileEncoding = 4; lastKnownFileType = text.json; name = testcomments.json; path = "The Echo Spot/testcomments.json"; sourceTree = "<group>"; };
		49F10D6D195F632000F5F8D0 /* AutosizingLabel.h */ = {isa = PBXFileReference; fileEncoding = 4; lastKnownFileType = sourcecode.c.h; path = AutosizingLabel.h; sourceTree = "<group>"; };
		49F10D6E195F632000F5F8D0 /* AutosizingLabel.m */ = {isa = PBXFileReference; fileEncoding = 4; lastKnownFileType = sourcecode.c.objc; path = AutosizingLabel.m; sourceTree = "<group>"; };
		E54A74DF00D8445AA1855235 /* Pods-The Echo Spot.xcconfig */ = {isa = PBXFileReference; includeInIndex = 1; lastKnownFileType = text.xcconfig; name = "Pods-The Echo Spot.xcconfig"; path = "Pods/Pods-The Echo Spot.xcconfig"; sourceTree = "<group>"; };
/* End PBXFileReference section */

/* Begin PBXFrameworksBuildPhase section */
		499FB5A41937DD5E00F4C882 /* Frameworks */ = {
			isa = PBXFrameworksBuildPhase;
			buildActionMask = 2147483647;
			files = (
				49E582D8194D35DB00BBD075 /* SystemConfiguration.framework in Frameworks */,
				49E582D6194D35D200BBD075 /* Security.framework in Frameworks */,
				49E582D4194D35C900BBD075 /* QuartzCore.framework in Frameworks */,
				49E582D2194D35C000BBD075 /* CoreText.framework in Frameworks */,
				499FB5AD1937DD5E00F4C882 /* CoreGraphics.framework in Frameworks */,
				499FB5AF1937DD5E00F4C882 /* UIKit.framework in Frameworks */,
				49C6B10019511D97009C5B77 /* HockeySDK.framework in Frameworks */,
				499FB5AB1937DD5E00F4C882 /* Foundation.framework in Frameworks */,
				922BA8B29CD6470EB901B79C /* libPods-The Echo Spot.a in Frameworks */,
			);
			runOnlyForDeploymentPostprocessing = 0;
		};
		499FB5C51937DD5E00F4C882 /* Frameworks */ = {
			isa = PBXFrameworksBuildPhase;
			buildActionMask = 2147483647;
			files = (
				499FB5CC1937DD5E00F4C882 /* UIKit.framework in Frameworks */,
				499FB5CB1937DD5E00F4C882 /* Foundation.framework in Frameworks */,
			);
			runOnlyForDeploymentPostprocessing = 0;
		};
/* End PBXFrameworksBuildPhase section */

/* Begin PBXGroup section */
		499FB59E1937DD5E00F4C882 = {
			isa = PBXGroup;
			children = (
				499FB5B01937DD5E00F4C882 /* The Echo Spot */,
				499FB5A91937DD5E00F4C882 /* Frameworks */,
				499FB5A81937DD5E00F4C882 /* Products */,
				4997351019576FBC0058A714 /* testechos.json */,
				49EC721B197C543C0037C4FC /* testcomments.json */,
				49B8BE53197750E6003D6AA8 /* Podfile */,
				E54A74DF00D8445AA1855235 /* Pods-The Echo Spot.xcconfig */,
			);
			sourceTree = "<group>";
		};
		499FB5A81937DD5E00F4C882 /* Products */ = {
			isa = PBXGroup;
			children = (
				499FB5A71937DD5E00F4C882 /* The Echo Spot.app */,
				499FB5C81937DD5E00F4C882 /* The Echo SpotTests.xctest */,
			);
			name = Products;
			sourceTree = "<group>";
		};
		499FB5A91937DD5E00F4C882 /* Frameworks */ = {
			isa = PBXGroup;
			children = (
				49E582E1194D38D000BBD075 /* HockeySDK.embeddedframework */,
				49E582D7194D35DB00BBD075 /* SystemConfiguration.framework */,
				49E582D5194D35D200BBD075 /* Security.framework */,
				49E582D3194D35C900BBD075 /* QuartzCore.framework */,
				49E582D1194D35C000BBD075 /* CoreText.framework */,
				499FB5AA1937DD5E00F4C882 /* Foundation.framework */,
				499FB5AC1937DD5E00F4C882 /* CoreGraphics.framework */,
				499FB5AE1937DD5E00F4C882 /* UIKit.framework */,
				26836B9D1AD34AC69FDA2E83 /* libPods-The Echo Spot.a */,
			);
			name = Frameworks;
			sourceTree = "<group>";
		};
		499FB5B01937DD5E00F4C882 /* The Echo Spot */ = {
			isa = PBXGroup;
			children = (
				499FB5B91937DD5E00F4C882 /* ESAppDelegate.h */,
				499FB5BA1937DD5E00F4C882 /* ESAppDelegate.m */,
				499FB5BC1937DD5E00F4C882 /* Main.storyboard */,
				49C180E71982FE2800DF4173 /* Views */,
				49C180E61982FE1B00DF4173 /* View Controllers */,
				49C180E81982FE3500DF4173 /* Model */,
				499FB5C21937DD5E00F4C882 /* Images.xcassets */,
				499FB5B11937DD5E00F4C882 /* Supporting Files */,
				49C180E91982FE4D00DF4173 /* Config */,
			);
			path = "The Echo Spot";
			sourceTree = "<group>";
		};
		499FB5B11937DD5E00F4C882 /* Supporting Files */ = {
			isa = PBXGroup;
			children = (
				49EC30391969E37600D8C702 /* Settings.bundle */,
				499FB5B21937DD5E00F4C882 /* The Echo Spot-Info.plist */,
				499FB5B31937DD5E00F4C882 /* InfoPlist.strings */,
				499FB5B61937DD5E00F4C882 /* main.m */,
				499FB5B81937DD5E00F4C882 /* The Echo Spot-Prefix.pch */,
			);
			name = "Supporting Files";
			sourceTree = "<group>";
		};
		49C180E61982FE1B00DF4173 /* View Controllers */ = {
			isa = PBXGroup;
			children = (
				49B9241E1939F21B00FB812A /* ESHomeTVC.h */,
				49B9241F1939F21B00FB812A /* ESHomeTVC.m */,
				49EC720F197AF7DA0037C4FC /* ESCommentVC.h */,
				49EC7210197AF7DA0037C4FC /* ESCommentVC.m */,
				491A9B78196095CC00817F22 /* ESNewEchoVC.h */,
				491A9B79196095CC00817F22 /* ESNewEchoVC.m */,
				49C180E31980A78800DF4173 /* ESProfileVC.h */,
				49C180E41980A78800DF4173 /* ESProfileVC.m */,
			);
			name = "View Controllers";
			sourceTree = "<group>";
		};
		49C180E71982FE2800DF4173 /* Views */ = {
			isa = PBXGroup;
			children = (
				49C895BA194394AF00880796 /* ESTableViewCell.h */,
				49C895BB194394AF00880796 /* ESTableViewCell.m */,
				49F10D6D195F632000F5F8D0 /* AutosizingLabel.h */,
				49F10D6E195F632000F5F8D0 /* AutosizingLabel.m */,
				49EC7212197B0ACE0037C4FC /* ESEchoView.h */,
				49EC7213197B0ACE0037C4FC /* ESEchoView.m */,
				49C180EA1982FEE400DF4173 /* ESProfileView.h */,
				49C180EB1982FEE400DF4173 /* ESProfileView.m */,
			);
			name = Views;
			sourceTree = "<group>";
		};
		49C180E81982FE3500DF4173 /* Model */ = {
			isa = PBXGroup;
			children = (
				49BCB9C2193FA6A50062D404 /* ESEchoFetcher.h */,
				49BCB9C3193FA6A50062D404 /* ESEchoFetcher.m */,
				49BCB9BF193F9E100062D404 /* ESUser.h */,
				49BCB9C0193F9E100062D404 /* ESUser.m */,
				49BCB9BC193F9DC80062D404 /* ESEcho.h */,
				49BCB9BD193F9DC80062D404 /* ESEcho.m */,
				49B8BE5019735497003D6AA8 /* ESCategory.h */,
				49B8BE5119735497003D6AA8 /* ESCategory.m */,
				49EC7215197C4EC90037C4FC /* ESComment.h */,
				49EC7216197C4EC90037C4FC /* ESComment.m */,
				49EC7218197C51B70037C4FC /* ESDiscussion.h */,
				49EC7219197C51B70037C4FC /* ESDiscussion.m */,
			);
			name = Model;
			sourceTree = "<group>";
		};
		49C180E91982FE4D00DF4173 /* Config */ = {
			isa = PBXGroup;
			children = (
				491A9B7B196096ED00817F22 /* constants.h */,
				49EC303B1969EBD900D8C702 /* ThemeManager.h */,
				49EC303C1969EBD900D8C702 /* ThemeManager.m */,
			);
			name = Config;
			sourceTree = "<group>";
		};
		49E582E1194D38D000BBD075 /* HockeySDK.embeddedframework */ = {
			isa = PBXGroup;
			children = (
				49E582E2194D38D000BBD075 /* HockeySDK.framework */,
				49E582E3194D38D000BBD075 /* Resources */,
			);
			path = HockeySDK.embeddedframework;
			sourceTree = "<group>";
		};
		49E582E3194D38D000BBD075 /* Resources */ = {
			isa = PBXGroup;
			children = (
				49E582E4194D38D000BBD075 /* HockeySDK.xcconfig */,
				49E582E5194D38D000BBD075 /* HockeySDKResources.bundle */,
			);
			path = Resources;
			sourceTree = "<group>";
		};
/* End PBXGroup section */

/* Begin PBXNativeTarget section */
		499FB5A61937DD5E00F4C882 /* The Echo Spot */ = {
			isa = PBXNativeTarget;
			buildConfigurationList = 499FB5D91937DD5F00F4C882 /* Build configuration list for PBXNativeTarget "The Echo Spot" */;
			buildPhases = (
				E43E5D7B9A6D4BBE96A03C55 /* Check Pods Manifest.lock */,
				499FB5A31937DD5E00F4C882 /* Sources */,
				499FB5A41937DD5E00F4C882 /* Frameworks */,
				499FB5A51937DD5E00F4C882 /* Resources */,
				49E582D0194D354A00BBD075 /* Run Script */,
				AD4977DEEC3146A4B1F153FE /* Copy Pods Resources */,
			);
			buildRules = (
			);
			dependencies = (
			);
			name = "The Echo Spot";
			productName = "The Echo Spot";
			productReference = 499FB5A71937DD5E00F4C882 /* The Echo Spot.app */;
			productType = "com.apple.product-type.application";
		};
		499FB5C71937DD5E00F4C882 /* The Echo SpotTests */ = {
			isa = PBXNativeTarget;
			buildConfigurationList = 499FB5DC1937DD5F00F4C882 /* Build configuration list for PBXNativeTarget "The Echo SpotTests" */;
			buildPhases = (
				499FB5C41937DD5E00F4C882 /* Sources */,
				499FB5C51937DD5E00F4C882 /* Frameworks */,
				499FB5C61937DD5E00F4C882 /* Resources */,
			);
			buildRules = (
			);
			dependencies = (
				499FB5CE1937DD5E00F4C882 /* PBXTargetDependency */,
				49C6B0F919511D15009C5B77 /* PBXTargetDependency */,
				49C6B0FB19511D51009C5B77 /* PBXTargetDependency */,
				49C6B0FD19511D52009C5B77 /* PBXTargetDependency */,
				49C6B0FF19511D53009C5B77 /* PBXTargetDependency */,
			);
			name = "The Echo SpotTests";
			productName = "The Echo SpotTests";
			productReference = 499FB5C81937DD5E00F4C882 /* The Echo SpotTests.xctest */;
			productType = "com.apple.product-type.bundle.unit-test";
		};
/* End PBXNativeTarget section */

/* Begin PBXProject section */
		499FB59F1937DD5E00F4C882 /* Project object */ = {
			isa = PBXProject;
			attributes = {
				CLASSPREFIX = ES;
				LastUpgradeCheck = 0600;
				ORGANIZATIONNAME = "The Echo Spot";
				TargetAttributes = {
					499FB5A61937DD5E00F4C882 = {
						DevelopmentTeam = S9PLJWKQVD;
					};
					499FB5C71937DD5E00F4C882 = {
						TestTargetID = 499FB5A61937DD5E00F4C882;
					};
				};
			};
			buildConfigurationList = 499FB5A21937DD5E00F4C882 /* Build configuration list for PBXProject "The Echo Spot" */;
			compatibilityVersion = "Xcode 3.2";
			developmentRegion = English;
			hasScannedForEncodings = 0;
			knownRegions = (
				en,
				Base,
			);
			mainGroup = 499FB59E1937DD5E00F4C882;
			productRefGroup = 499FB5A81937DD5E00F4C882 /* Products */;
			projectDirPath = "";
			projectRoot = "";
			targets = (
				499FB5A61937DD5E00F4C882 /* The Echo Spot */,
				499FB5C71937DD5E00F4C882 /* The Echo SpotTests */,
			);
		};
/* End PBXProject section */

/* Begin PBXResourcesBuildPhase section */
		499FB5A51937DD5E00F4C882 /* Resources */ = {
			isa = PBXResourcesBuildPhase;
			buildActionMask = 2147483647;
			files = (
				499FB5C31937DD5E00F4C882 /* Images.xcassets in Resources */,
				499FB5B51937DD5E00F4C882 /* InfoPlist.strings in Resources */,
				4997351119576FBC0058A714 /* testechos.json in Resources */,
				49E582E8194D38D000BBD075 /* HockeySDKResources.bundle in Resources */,
				49EC303A1969E37600D8C702 /* Settings.bundle in Resources */,
				49B8BE54197750E6003D6AA8 /* Podfile in Resources */,
				499FB5BE1937DD5E00F4C882 /* Main.storyboard in Resources */,
				49EC721C197C543C0037C4FC /* testcomments.json in Resources */,
			);
			runOnlyForDeploymentPostprocessing = 0;
		};
		499FB5C61937DD5E00F4C882 /* Resources */ = {
			isa = PBXResourcesBuildPhase;
			buildActionMask = 2147483647;
			files = (
			);
			runOnlyForDeploymentPostprocessing = 0;
		};
/* End PBXResourcesBuildPhase section */

/* Begin PBXShellScriptBuildPhase section */
		49E582D0194D354A00BBD075 /* Run Script */ = {
			isa = PBXShellScriptBuildPhase;
			buildActionMask = 2147483647;
			files = (
			);
			inputPaths = (
			);
			name = "Run Script";
			outputPaths = (
			);
			runOnlyForDeploymentPostprocessing = 0;
			shellPath = /bin/sh;
			shellScript = "FILE=\"${SRCROOT}/HockeySDK-iOS/BuildAgent\"\nif [ -f \"$FILE\" ]; then\n\"$FILE\"\nfi";
		};
		AD4977DEEC3146A4B1F153FE /* Copy Pods Resources */ = {
			isa = PBXShellScriptBuildPhase;
			buildActionMask = 2147483647;
			files = (
			);
			inputPaths = (
			);
			name = "Copy Pods Resources";
			outputPaths = (
			);
			runOnlyForDeploymentPostprocessing = 0;
			shellPath = /bin/sh;
			shellScript = "\"${SRCROOT}/Pods/Pods-The Echo Spot-resources.sh\"\n";
			showEnvVarsInLog = 0;
		};
		E43E5D7B9A6D4BBE96A03C55 /* Check Pods Manifest.lock */ = {
			isa = PBXShellScriptBuildPhase;
			buildActionMask = 2147483647;
			files = (
			);
			inputPaths = (
			);
			name = "Check Pods Manifest.lock";
			outputPaths = (
			);
			runOnlyForDeploymentPostprocessing = 0;
			shellPath = /bin/sh;
			shellScript = "diff \"${PODS_ROOT}/../Podfile.lock\" \"${PODS_ROOT}/Manifest.lock\" > /dev/null\nif [[ $? != 0 ]] ; then\n    cat << EOM\nerror: The sandbox is not in sync with the Podfile.lock. Run 'pod install' or update your CocoaPods installation.\nEOM\n    exit 1\nfi\n";
			showEnvVarsInLog = 0;
		};
/* End PBXShellScriptBuildPhase section */

/* Begin PBXSourcesBuildPhase section */
		499FB5A31937DD5E00F4C882 /* Sources */ = {
			isa = PBXSourcesBuildPhase;
			buildActionMask = 2147483647;
			files = (
				49EC7214197B0ACE0037C4FC /* ESEchoView.m in Sources */,
				49EC7211197AF7DA0037C4FC /* ESCommentVC.m in Sources */,
				49C895BC194394AF00880796 /* ESTableViewCell.m in Sources */,
				49EC7217197C4EC90037C4FC /* ESComment.m in Sources */,
				49F10D6F195F632000F5F8D0 /* AutosizingLabel.m in Sources */,
				49BCB9C4193FA6A50062D404 /* ESEchoFetcher.m in Sources */,
				49BCB9BE193F9DC80062D404 /* ESEcho.m in Sources */,
				499FB5BB1937DD5E00F4C882 /* ESAppDelegate.m in Sources */,
				499FB5B71937DD5E00F4C882 /* main.m in Sources */,
				49B8BE5219735497003D6AA8 /* ESCategory.m in Sources */,
				49C180EC1982FEE400DF4173 /* ESProfileView.m in Sources */,
				49C180E51980A78800DF4173 /* ESProfileVC.m in Sources */,
				49BCB9C1193F9E100062D404 /* ESUser.m in Sources */,
				49EC303D1969EBD900D8C702 /* ThemeManager.m in Sources */,
				49B924201939F21B00FB812A /* ESHomeTVC.m in Sources */,
				49EC721A197C51B70037C4FC /* ESDiscussion.m in Sources */,
				491A9B7A196095CC00817F22 /* ESNewEchoVC.m in Sources */,
			);
			runOnlyForDeploymentPostprocessing = 0;
		};
		499FB5C41937DD5E00F4C882 /* Sources */ = {
			isa = PBXSourcesBuildPhase;
			buildActionMask = 2147483647;
			files = (
			);
			runOnlyForDeploymentPostprocessing = 0;
		};
/* End PBXSourcesBuildPhase section */

/* Begin PBXTargetDependency section */
		499FB5CE1937DD5E00F4C882 /* PBXTargetDependency */ = {
			isa = PBXTargetDependency;
			target = 499FB5A61937DD5E00F4C882 /* The Echo Spot */;
			targetProxy = 499FB5CD1937DD5E00F4C882 /* PBXContainerItemProxy */;
		};
		49C6B0F919511D15009C5B77 /* PBXTargetDependency */ = {
			isa = PBXTargetDependency;
			target = 499FB5A61937DD5E00F4C882 /* The Echo Spot */;
			targetProxy = 49C6B0F819511D15009C5B77 /* PBXContainerItemProxy */;
		};
		49C6B0FB19511D51009C5B77 /* PBXTargetDependency */ = {
			isa = PBXTargetDependency;
			target = 499FB5A61937DD5E00F4C882 /* The Echo Spot */;
			targetProxy = 49C6B0FA19511D51009C5B77 /* PBXContainerItemProxy */;
		};
		49C6B0FD19511D52009C5B77 /* PBXTargetDependency */ = {
			isa = PBXTargetDependency;
			target = 499FB5A61937DD5E00F4C882 /* The Echo Spot */;
			targetProxy = 49C6B0FC19511D52009C5B77 /* PBXContainerItemProxy */;
		};
		49C6B0FF19511D53009C5B77 /* PBXTargetDependency */ = {
			isa = PBXTargetDependency;
			target = 499FB5A61937DD5E00F4C882 /* The Echo Spot */;
			targetProxy = 49C6B0FE19511D53009C5B77 /* PBXContainerItemProxy */;
		};
/* End PBXTargetDependency section */

/* Begin PBXVariantGroup section */
		499FB5B31937DD5E00F4C882 /* InfoPlist.strings */ = {
			isa = PBXVariantGroup;
			children = (
				499FB5B41937DD5E00F4C882 /* en */,
			);
			name = InfoPlist.strings;
			sourceTree = "<group>";
		};
		499FB5BC1937DD5E00F4C882 /* Main.storyboard */ = {
			isa = PBXVariantGroup;
			children = (
				499FB5BD1937DD5E00F4C882 /* Base */,
			);
			name = Main.storyboard;
			sourceTree = "<group>";
		};
/* End PBXVariantGroup section */

/* Begin XCBuildConfiguration section */
		499FB5D71937DD5F00F4C882 /* Debug */ = {
			isa = XCBuildConfiguration;
			buildSettings = {
				ALWAYS_SEARCH_USER_PATHS = NO;
				CLANG_CXX_LANGUAGE_STANDARD = "gnu++0x";
				CLANG_CXX_LIBRARY = "libc++";
				CLANG_ENABLE_MODULES = YES;
				CLANG_ENABLE_OBJC_ARC = YES;
				CLANG_WARN_BOOL_CONVERSION = YES;
				CLANG_WARN_CONSTANT_CONVERSION = YES;
				CLANG_WARN_DIRECT_OBJC_ISA_USAGE = YES_ERROR;
				CLANG_WARN_EMPTY_BODY = YES;
				CLANG_WARN_ENUM_CONVERSION = YES;
				CLANG_WARN_INT_CONVERSION = YES;
				CLANG_WARN_OBJC_ROOT_CLASS = YES_ERROR;
				CLANG_WARN__DUPLICATE_METHOD_MATCH = YES;
				"CODE_SIGN_IDENTITY[sdk=iphoneos*]" = "iPhone Developer";
				COPY_PHASE_STRIP = NO;
				GCC_C_LANGUAGE_STANDARD = gnu99;
				GCC_DYNAMIC_NO_PIC = NO;
				GCC_OPTIMIZATION_LEVEL = 0;
				GCC_PREPROCESSOR_DEFINITIONS = (
					"DEBUG=1",
					"$(inherited)",
				);
				GCC_SYMBOLS_PRIVATE_EXTERN = NO;
				GCC_WARN_64_TO_32_BIT_CONVERSION = YES;
				GCC_WARN_ABOUT_RETURN_TYPE = YES_ERROR;
				GCC_WARN_UNDECLARED_SELECTOR = YES;
				GCC_WARN_UNINITIALIZED_AUTOS = YES_AGGRESSIVE;
				GCC_WARN_UNUSED_FUNCTION = YES;
				GCC_WARN_UNUSED_VARIABLE = YES;
				HEADER_SEARCH_PATHS = "";
				IPHONEOS_DEPLOYMENT_TARGET = 7.1;
				ONLY_ACTIVE_ARCH = YES;
				SDKROOT = iphoneos;
			};
			name = Debug;
		};
		499FB5D81937DD5F00F4C882 /* Release */ = {
			isa = XCBuildConfiguration;
			buildSettings = {
				ALWAYS_SEARCH_USER_PATHS = NO;
				CLANG_CXX_LANGUAGE_STANDARD = "gnu++0x";
				CLANG_CXX_LIBRARY = "libc++";
				CLANG_ENABLE_MODULES = YES;
				CLANG_ENABLE_OBJC_ARC = YES;
				CLANG_WARN_BOOL_CONVERSION = YES;
				CLANG_WARN_CONSTANT_CONVERSION = YES;
				CLANG_WARN_DIRECT_OBJC_ISA_USAGE = YES_ERROR;
				CLANG_WARN_EMPTY_BODY = YES;
				CLANG_WARN_ENUM_CONVERSION = YES;
				CLANG_WARN_INT_CONVERSION = YES;
				CLANG_WARN_OBJC_ROOT_CLASS = YES_ERROR;
				CLANG_WARN__DUPLICATE_METHOD_MATCH = YES;
				"CODE_SIGN_IDENTITY[sdk=iphoneos*]" = "iPhone Developer";
				COPY_PHASE_STRIP = YES;
				ENABLE_NS_ASSERTIONS = NO;
				GCC_C_LANGUAGE_STANDARD = gnu99;
				GCC_WARN_64_TO_32_BIT_CONVERSION = YES;
				GCC_WARN_ABOUT_RETURN_TYPE = YES_ERROR;
				GCC_WARN_UNDECLARED_SELECTOR = YES;
				GCC_WARN_UNINITIALIZED_AUTOS = YES_AGGRESSIVE;
				GCC_WARN_UNUSED_FUNCTION = YES;
				GCC_WARN_UNUSED_VARIABLE = YES;
				HEADER_SEARCH_PATHS = "";
				IPHONEOS_DEPLOYMENT_TARGET = 7.1;
				SDKROOT = iphoneos;
				VALIDATE_PRODUCT = YES;
			};
			name = Release;
		};
		499FB5DA1937DD5F00F4C882 /* Debug */ = {
			isa = XCBuildConfiguration;
			baseConfigurationReference = E54A74DF00D8445AA1855235 /* Pods-The Echo Spot.xcconfig */;
			buildSettings = {
				ASSETCATALOG_COMPILER_APPICON_NAME = AppIcon;
				ASSETCATALOG_COMPILER_LAUNCHIMAGE_NAME = LaunchImage;
				CLANG_ENABLE_MODULES = YES;
				CODE_SIGN_IDENTITY = "iPhone Developer";
				"CODE_SIGN_IDENTITY[sdk=iphoneos*]" = "iPhone Developer";
				FRAMEWORK_SEARCH_PATHS = (
					"$(inherited)",
					"$(PROJECT_DIR)/HockeySDK.embeddedframework",
					"$(PROJECT_DIR)/HockeySDK-iOS/HockeySDK.embeddedframework",
				);
				GCC_PRECOMPILE_PREFIX_HEADER = YES;
				GCC_PREFIX_HEADER = "The Echo Spot/The Echo Spot-Prefix.pch";
				INFOPLIST_FILE = "The Echo Spot/The Echo Spot-Info.plist";
				IPHONEOS_DEPLOYMENT_TARGET = 7.1;
				LD_RUNPATH_SEARCH_PATHS = "$(inherited) @executable_path/Frameworks";
				PRODUCT_NAME = "$(TARGET_NAME)";
				PROVISIONING_PROFILE = "";
				SWIFT_OBJC_BRIDGING_HEADER = "";
				SWIFT_OPTIMIZATION_LEVEL = "-Onone";
				TARGETED_DEVICE_FAMILY = 1;
				WRAPPER_EXTENSION = app;
			};
			name = Debug;
		};
		499FB5DB1937DD5F00F4C882 /* Release */ = {
			isa = XCBuildConfiguration;
			baseConfigurationReference = E54A74DF00D8445AA1855235 /* Pods-The Echo Spot.xcconfig */;
			buildSettings = {
				ASSETCATALOG_COMPILER_APPICON_NAME = AppIcon;
				ASSETCATALOG_COMPILER_LAUNCHIMAGE_NAME = LaunchImage;
				CLANG_ENABLE_MODULES = YES;
				CODE_SIGN_IDENTITY = "iPhone Developer";
				"CODE_SIGN_IDENTITY[sdk=iphoneos*]" = "iPhone Developer";
				FRAMEWORK_SEARCH_PATHS = (
					"$(inherited)",
					"$(PROJECT_DIR)/HockeySDK.embeddedframework",
					"$(PROJECT_DIR)/HockeySDK-iOS/HockeySDK.embeddedframework",
				);
				GCC_PRECOMPILE_PREFIX_HEADER = YES;
				GCC_PREFIX_HEADER = "The Echo Spot/The Echo Spot-Prefix.pch";
				INFOPLIST_FILE = "The Echo Spot/The Echo Spot-Info.plist";
				IPHONEOS_DEPLOYMENT_TARGET = 7.1;
				LD_RUNPATH_SEARCH_PATHS = "$(inherited) @executable_path/Frameworks";
				PRODUCT_NAME = "$(TARGET_NAME)";
				PROVISIONING_PROFILE = "";
				SWIFT_OBJC_BRIDGING_HEADER = "";
				TARGETED_DEVICE_FAMILY = 1;
				WRAPPER_EXTENSION = app;
			};
			name = Release;
		};
		499FB5DD1937DD5F00F4C882 /* Debug */ = {
			isa = XCBuildConfiguration;
			buildSettings = {
				BUNDLE_LOADER = "$(BUILT_PRODUCTS_DIR)/The Echo Spot.app/The Echo Spot";
				FRAMEWORK_SEARCH_PATHS = (
					"$(inherited)",
					"$(DEVELOPER_FRAMEWORKS_DIR)",
				);
				GCC_PRECOMPILE_PREFIX_HEADER = YES;
				GCC_PREFIX_HEADER = "The Echo Spot/The Echo Spot-Prefix.pch";
				GCC_PREPROCESSOR_DEFINITIONS = (
					"DEBUG=1",
					"$(inherited)",
				);
				INFOPLIST_FILE = "The Echo SpotTests/The Echo SpotTests-Info.plist";
				PRODUCT_NAME = "$(TARGET_NAME)";
				TEST_HOST = "$(BUNDLE_LOADER)";
				WRAPPER_EXTENSION = xctest;
			};
			name = Debug;
		};
		499FB5DE1937DD5F00F4C882 /* Release */ = {
			isa = XCBuildConfiguration;
			buildSettings = {
				BUNDLE_LOADER = "$(BUILT_PRODUCTS_DIR)/The Echo Spot.app/The Echo Spot";
				FRAMEWORK_SEARCH_PATHS = (
					"$(inherited)",
					"$(DEVELOPER_FRAMEWORKS_DIR)",
				);
				GCC_PRECOMPILE_PREFIX_HEADER = YES;
				GCC_PREFIX_HEADER = "The Echo Spot/The Echo Spot-Prefix.pch";
				INFOPLIST_FILE = "The Echo SpotTests/The Echo SpotTests-Info.plist";
				PRODUCT_NAME = "$(TARGET_NAME)";
				TEST_HOST = "$(BUNDLE_LOADER)";
				WRAPPER_EXTENSION = xctest;
			};
			name = Release;
		};
/* End XCBuildConfiguration section */

/* Begin XCConfigurationList section */
		499FB5A21937DD5E00F4C882 /* Build configuration list for PBXProject "The Echo Spot" */ = {
			isa = XCConfigurationList;
			buildConfigurations = (
				499FB5D71937DD5F00F4C882 /* Debug */,
				499FB5D81937DD5F00F4C882 /* Release */,
			);
			defaultConfigurationIsVisible = 0;
			defaultConfigurationName = Release;
		};
		499FB5D91937DD5F00F4C882 /* Build configuration list for PBXNativeTarget "The Echo Spot" */ = {
			isa = XCConfigurationList;
			buildConfigurations = (
				499FB5DA1937DD5F00F4C882 /* Debug */,
				499FB5DB1937DD5F00F4C882 /* Release */,
			);
			defaultConfigurationIsVisible = 0;
			defaultConfigurationName = Release;
		};
		499FB5DC1937DD5F00F4C882 /* Build configuration list for PBXNativeTarget "The Echo SpotTests" */ = {
			isa = XCConfigurationList;
			buildConfigurations = (
				499FB5DD1937DD5F00F4C882 /* Debug */,
				499FB5DE1937DD5F00F4C882 /* Release */,
			);
			defaultConfigurationIsVisible = 0;
			defaultConfigurationName = Release;
		};
/* End XCConfigurationList section */
	};
	rootObject = 499FB59F1937DD5E00F4C882 /* Project object */;
}
